
Microsoft Visual Studio Solution File, Format Version 12.00
# Visual Studio Version 17
VisualStudioVersion = 17.3.32929.385
MinimumVisualStudioVersion = 10.0.40219.1
Project("{2150E333-8FDC-42A3-9474-1A3956D46DE8}") = "Services", "Services", "{37D47802-9A89-43D6-B25F-DC57E65E230D}"
EndProject
Project("{2150E333-8FDC-42A3-9474-1A3956D46DE8}") = "Catalog", "Catalog", "{0302D06B-941C-4F03-8F98-B428209D5204}"
EndProject
Project("{9A19103F-16F7-4668-BE54-9A1E7A4F7556}") = "Catalog.API", "Services\Catalog\Catalog.API\Catalog.API.csproj", "{83E597E5-9F16-4D89-9D08-3F694FD117FD}"
EndProject
Project("{E53339B2-1760-4266-BCC7-CA923CBCF16C}") = "docker-compose", "docker-compose.dcproj", "{BE75103B-F053-4920-AD84-B65206A02FDD}"
EndProject
Project("{2150E333-8FDC-42A3-9474-1A3956D46DE8}") = "Basket", "Basket", "{CDBB8BDC-E1C5-461A-BBD0-42332AF0F062}"
EndProject
Project("{FAE04EC0-301F-11D3-BF4B-00C04F79EFBC}") = "Basket.API", "Services\Basket\Basket.API\Basket.API.csproj", "{05AE5E28-BBFB-435F-9562-0E064AB974EF}"
EndProject
Global
	GlobalSection(SolutionConfigurationPlatforms) = preSolution
		Debug|Any CPU = Debug|Any CPU
		Release|Any CPU = Release|Any CPU
	EndGlobalSection
	GlobalSection(ProjectConfigurationPlatforms) = postSolution
		{83E597E5-9F16-4D89-9D08-3F694FD117FD}.Debug|Any CPU.ActiveCfg = Debug|Any CPU
		{83E597E5-9F16-4D89-9D08-3F694FD117FD}.Debug|Any CPU.Build.0 = Debug|Any CPU
		{83E597E5-9F16-4D89-9D08-3F694FD117FD}.Release|Any CPU.ActiveCfg = Release|Any CPU
		{83E597E5-9F16-4D89-9D08-3F694FD117FD}.Release|Any CPU.Build.0 = Release|Any CPU
		{BE75103B-F053-4920-AD84-B65206A02FDD}.Debug|Any CPU.ActiveCfg = Debug|Any CPU
		{BE75103B-F053-4920-AD84-B65206A02FDD}.Debug|Any CPU.Build.0 = Debug|Any CPU
		{BE75103B-F053-4920-AD84-B65206A02FDD}.Release|Any CPU.ActiveCfg = Release|Any CPU
		{BE75103B-F053-4920-AD84-B65206A02FDD}.Release|Any CPU.Build.0 = Release|Any CPU
		{05AE5E28-BBFB-435F-9562-0E064AB974EF}.Debug|Any CPU.ActiveCfg = Debug|Any CPU
		{05AE5E28-BBFB-435F-9562-0E064AB974EF}.Debug|Any CPU.Build.0 = Debug|Any CPU
		{05AE5E28-BBFB-435F-9562-0E064AB974EF}.Release|Any CPU.ActiveCfg = Release|Any CPU
		{05AE5E28-BBFB-435F-9562-0E064AB974EF}.Release|Any CPU.Build.0 = Release|Any CPU
	EndGlobalSection
	GlobalSection(SolutionProperties) = preSolution
		HideSolutionNode = FALSE
	EndGlobalSection
	GlobalSection(NestedProjects) = preSolution
		{0302D06B-941C-4F03-8F98-B428209D5204} = {37D47802-9A89-43D6-B25F-DC57E65E230D}
		{83E597E5-9F16-4D89-9D08-3F694FD117FD} = {0302D06B-941C-4F03-8F98-B428209D5204}
		{CDBB8BDC-E1C5-461A-BBD0-42332AF0F062} = {37D47802-9A89-43D6-B25F-DC57E65E230D}
		{05AE5E28-BBFB-435F-9562-0E064AB974EF} = {CDBB8BDC-E1C5-461A-BBD0-42332AF0F062}
	EndGlobalSection
	GlobalSection(ExtensibilityGlobals) = postSolution
		SolutionGuid = {7B404B8F-41B8-447D-BC89-CF7FCE8B4A32}
	EndGlobalSection
EndGlobal
